
Microsoft Visual Studio Solution File, Format Version 12.00
# Visual Studio Version 17
VisualStudioVersion = 17.14.36414.22
MinimumVisualStudioVersion = 10.0.40219.1
Project("{2150E333-8FDC-42A3-9474-1A3956D46DE8}") = "Task0", "Task0", "{02EA681E-C7D8-13C7-8484-4AC65E1B71E8}"
EndProject
Project("{FAE04EC0-301F-11D3-BF4B-00C04F79EFBC}") = "Tyuiu.MolkovIS.Sprint.Task0.V0", "Tyuiu.MolkovIS.Sprint.Task0.V0\Tyuiu.MolkovIS.Sprint.Task0.V0.csproj", "{581EF6C3-F607-4536-ABC4-BD9A81654D47}"
EndProject
Project("{2150E333-8FDC-42A3-9474-1A3956D46DE8}") = "Task1", "Task1", "{FF3069E8-C47C-4FB1-8C58-F4CAAF3A9DAC}"
EndProject
Project("{FAE04EC0-301F-11D3-BF4B-00C04F79EFBC}") = "Tyuiu.MolkovIS.Sprint0.Task1.V0", "Tyuiu.MolkovIS.Sprint0.Task1.V0\Tyuiu.MolkovIS.Sprint0.Task1.V0.csproj", "{4A3F1ABF-177C-4E77-B0BA-E0988DEF99FC}"
EndProject
Project("{2150E333-8FDC-42A3-9474-1A3956D46DE8}") = "Task2", "Task2", "{8146D1E8-9D66-4878-B3A2-3C26FD90388F}"
EndProject
Project("{FAE04EC0-301F-11D3-BF4B-00C04F79EFBC}") = "Tyuiu.MolkovIS.Sprint0.Task2.V0", "Tyuiu.MolkovIS.Sprint0.Task2.V0\Tyuiu.MolkovIS.Sprint0.Task2.V0.csproj", "{1E4EFDE4-2B5E-402C-8F77-9A8B1845AB55}"
EndProject
Project("{FAE04EC0-301F-11D3-BF4B-00C04F79EFBC}") = "Tyuiu.MolkovIS.Sprint0.Task2.V0.Lib", "Tyuiu.MolkovIS.Sprint0.Task2.V0.Lib\Tyuiu.MolkovIS.Sprint0.Task2.V0.Lib.csproj", "{5C9BD8CE-7B70-481E-A03C-FCC413486D22}"
EndProject
Project("{FAE04EC0-301F-11D3-BF4B-00C04F79EFBC}") = "Tyuiu.MolkovIS.Sprint0.Task2.Test", "Tyuiu.MolkovIS.Sprint0.Task2.Test\Tyuiu.MolkovIS.Sprint0.Task2.Test.csproj", "{18656575-9F59-43FF-9373-0C9295BB1DDF}"
EndProject
Project("{2150E333-8FDC-42A3-9474-1A3956D46DE8}") = "Task3", "Task3", "{5D500091-B3D0-499F-8750-8662DEAF831D}"
EndProject
Project("{FAE04EC0-301F-11D3-BF4B-00C04F79EFBC}") = "Tyuiu.MolkovIS.Sprint0.Task3.V0", "Tyuiu.MolkovIS.Sprint0.Task3.V0\Tyuiu.MolkovIS.Sprint0.Task3.V0.csproj", "{0D1D0496-A22B-4041-A4E6-1DEB921AFF09}"
EndProject
Project("{FAE04EC0-301F-11D3-BF4B-00C04F79EFBC}") = "Tyuiu.MolkovIS.Sprint0.Task3.V0.Test", "Tyuiu.MolkovIS.Sprint0.Task3.V0.Test\Tyuiu.MolkovIS.Sprint0.Task3.V0.Test.csproj", "{7CE6051C-F22E-4C9B-B45E-2ED8E52039D6}"
EndProject
Project("{FAE04EC0-301F-11D3-BF4B-00C04F79EFBC}") = "Tyuiu.MolkovIS.Sprint0.Task3.V0.Lib", "Tyuiu.MolkovIS.Sprint0.Task3.V0.Lib\Tyuiu.MolkovIS.Sprint0.Task3.V0.Lib.csproj", "{A3BB4CC2-B827-4CFB-81A6-5E82EAAC4354}"
EndProject
Project("{2150E333-8FDC-42A3-9474-1A3956D46DE8}") = "Task4", "Task4", "{F8A74CD3-23F2-403E-87FC-03941C51CCEF}"
EndProject
Project("{FAE04EC0-301F-11D3-BF4B-00C04F79EFBC}") = "Tyuiu.MolkovIS.Sprint0.Task4.V0.Lib", "Tyuiu.MolkovIS.Sprint0.Task4.V0.Lib\Tyuiu.MolkovIS.Sprint0.Task4.V0.Lib.csproj", "{BEB0D9AB-EFEB-4F05-BC1F-7152F2E547C4}"
EndProject
Project("{FAE04EC0-301F-11D3-BF4B-00C04F79EFBC}") = "Tyuiu.MolkovIS.Sprint0.Task4.V0.Test", "Tyuiu.MolkovIS.Sprint0.Task4.V0.Test\Tyuiu.MolkovIS.Sprint0.Task4.V0.Test.csproj", "{59EB8175-039A-4CB7-A4EB-6C4DB6B1D708}"
EndProject
Project("{FAE04EC0-301F-11D3-BF4B-00C04F79EFBC}") = "Tyuiu.MolkovIS.Sprint0.Task4.V0", "Tyuiu.MolkovIS.Sprint0.Task4.V0\Tyuiu.MolkovIS.Sprint0.Task4.V0.csproj", "{4AD74803-2B55-4A77-8889-3D6DDD261863}"
EndProject
Global
	GlobalSection(SolutionConfigurationPlatforms) = preSolution
		Debug|Any CPU = Debug|Any CPU
		Release|Any CPU = Release|Any CPU
	EndGlobalSection
	GlobalSection(ProjectConfigurationPlatforms) = postSolution
		{581EF6C3-F607-4536-ABC4-BD9A81654D47}.Debug|Any CPU.ActiveCfg = Debug|Any CPU
		{581EF6C3-F607-4536-ABC4-BD9A81654D47}.Debug|Any CPU.Build.0 = Debug|Any CPU
		{581EF6C3-F607-4536-ABC4-BD9A81654D47}.Release|Any CPU.ActiveCfg = Release|Any CPU
		{581EF6C3-F607-4536-ABC4-BD9A81654D47}.Release|Any CPU.Build.0 = Release|Any CPU
		{4A3F1ABF-177C-4E77-B0BA-E0988DEF99FC}.Debug|Any CPU.ActiveCfg = Debug|Any CPU
		{4A3F1ABF-177C-4E77-B0BA-E0988DEF99FC}.Debug|Any CPU.Build.0 = Debug|Any CPU
		{4A3F1ABF-177C-4E77-B0BA-E0988DEF99FC}.Release|Any CPU.ActiveCfg = Release|Any CPU
		{4A3F1ABF-177C-4E77-B0BA-E0988DEF99FC}.Release|Any CPU.Build.0 = Release|Any CPU
		{1E4EFDE4-2B5E-402C-8F77-9A8B1845AB55}.Debug|Any CPU.ActiveCfg = Debug|Any CPU
		{1E4EFDE4-2B5E-402C-8F77-9A8B1845AB55}.Debug|Any CPU.Build.0 = Debug|Any CPU
		{1E4EFDE4-2B5E-402C-8F77-9A8B1845AB55}.Release|Any CPU.ActiveCfg = Release|Any CPU
		{1E4EFDE4-2B5E-402C-8F77-9A8B1845AB55}.Release|Any CPU.Build.0 = Release|Any CPU
		{5C9BD8CE-7B70-481E-A03C-FCC413486D22}.Debug|Any CPU.ActiveCfg = Debug|Any CPU
		{5C9BD8CE-7B70-481E-A03C-FCC413486D22}.Debug|Any CPU.Build.0 = Debug|Any CPU
		{5C9BD8CE-7B70-481E-A03C-FCC413486D22}.Release|Any CPU.ActiveCfg = Release|Any CPU
		{5C9BD8CE-7B70-481E-A03C-FCC413486D22}.Release|Any CPU.Build.0 = Release|Any CPU
		{18656575-9F59-43FF-9373-0C9295BB1DDF}.Debug|Any CPU.ActiveCfg = Debug|Any CPU
		{18656575-9F59-43FF-9373-0C9295BB1DDF}.Debug|Any CPU.Build.0 = Debug|Any CPU
		{18656575-9F59-43FF-9373-0C9295BB1DDF}.Release|Any CPU.ActiveCfg = Release|Any CPU
		{18656575-9F59-43FF-9373-0C9295BB1DDF}.Release|Any CPU.Build.0 = Release|Any CPU
		{0D1D0496-A22B-4041-A4E6-1DEB921AFF09}.Debug|Any CPU.ActiveCfg = Debug|Any CPU
		{0D1D0496-A22B-4041-A4E6-1DEB921AFF09}.Debug|Any CPU.Build.0 = Debug|Any CPU
		{0D1D0496-A22B-4041-A4E6-1DEB921AFF09}.Release|Any CPU.ActiveCfg = Release|Any CPU
		{0D1D0496-A22B-4041-A4E6-1DEB921AFF09}.Release|Any CPU.Build.0 = Release|Any CPU
		{7CE6051C-F22E-4C9B-B45E-2ED8E52039D6}.Debug|Any CPU.ActiveCfg = Debug|Any CPU
		{7CE6051C-F22E-4C9B-B45E-2ED8E52039D6}.Debug|Any CPU.Build.0 = Debug|Any CPU
		{7CE6051C-F22E-4C9B-B45E-2ED8E52039D6}.Release|Any CPU.ActiveCfg = Release|Any CPU
		{7CE6051C-F22E-4C9B-B45E-2ED8E52039D6}.Release|Any CPU.Build.0 = Release|Any CPU
		{A3BB4CC2-B827-4CFB-81A6-5E82EAAC4354}.Debug|Any CPU.ActiveCfg = Debug|Any CPU
		{A3BB4CC2-B827-4CFB-81A6-5E82EAAC4354}.Debug|Any CPU.Build.0 = Debug|Any CPU
		{A3BB4CC2-B827-4CFB-81A6-5E82EAAC4354}.Release|Any CPU.ActiveCfg = Release|Any CPU
		{A3BB4CC2-B827-4CFB-81A6-5E82EAAC4354}.Release|Any CPU.Build.0 = Release|Any CPU
		{BEB0D9AB-EFEB-4F05-BC1F-7152F2E547C4}.Debug|Any CPU.ActiveCfg = Debug|Any CPU
		{BEB0D9AB-EFEB-4F05-BC1F-7152F2E547C4}.Debug|Any CPU.Build.0 = Debug|Any CPU
		{BEB0D9AB-EFEB-4F05-BC1F-7152F2E547C4}.Release|Any CPU.ActiveCfg = Release|Any CPU
		{BEB0D9AB-EFEB-4F05-BC1F-7152F2E547C4}.Release|Any CPU.Build.0 = Release|Any CPU
		{59EB8175-039A-4CB7-A4EB-6C4DB6B1D708}.Debug|Any CPU.ActiveCfg = Debug|Any CPU
		{59EB8175-039A-4CB7-A4EB-6C4DB6B1D708}.Debug|Any CPU.Build.0 = Debug|Any CPU
		{59EB8175-039A-4CB7-A4EB-6C4DB6B1D708}.Release|Any CPU.ActiveCfg = Release|Any CPU
		{59EB8175-039A-4CB7-A4EB-6C4DB6B1D708}.Release|Any CPU.Build.0 = Release|Any CPU
		{4AD74803-2B55-4A77-8889-3D6DDD261863}.Debug|Any CPU.ActiveCfg = Debug|Any CPU
		{4AD74803-2B55-4A77-8889-3D6DDD261863}.Debug|Any CPU.Build.0 = Debug|Any CPU
		{4AD74803-2B55-4A77-8889-3D6DDD261863}.Release|Any CPU.ActiveCfg = Release|Any CPU
		{4AD74803-2B55-4A77-8889-3D6DDD261863}.Release|Any CPU.Build.0 = Release|Any CPU
	EndGlobalSection
	GlobalSection(SolutionProperties) = preSolution
		HideSolutionNode = FALSE
	EndGlobalSection
	GlobalSection(NestedProjects) = preSolution
		{581EF6C3-F607-4536-ABC4-BD9A81654D47} = {02EA681E-C7D8-13C7-8484-4AC65E1B71E8}
		{4A3F1ABF-177C-4E77-B0BA-E0988DEF99FC} = {FF3069E8-C47C-4FB1-8C58-F4CAAF3A9DAC}
		{1E4EFDE4-2B5E-402C-8F77-9A8B1845AB55} = {8146D1E8-9D66-4878-B3A2-3C26FD90388F}
		{5C9BD8CE-7B70-481E-A03C-FCC413486D22} = {8146D1E8-9D66-4878-B3A2-3C26FD90388F}
		{18656575-9F59-43FF-9373-0C9295BB1DDF} = {8146D1E8-9D66-4878-B3A2-3C26FD90388F}
		{0D1D0496-A22B-4041-A4E6-1DEB921AFF09} = {5D500091-B3D0-499F-8750-8662DEAF831D}
		{7CE6051C-F22E-4C9B-B45E-2ED8E52039D6} = {5D500091-B3D0-499F-8750-8662DEAF831D}
		{A3BB4CC2-B827-4CFB-81A6-5E82EAAC4354} = {5D500091-B3D0-499F-8750-8662DEAF831D}
		{BEB0D9AB-EFEB-4F05-BC1F-7152F2E547C4} = {F8A74CD3-23F2-403E-87FC-03941C51CCEF}
		{59EB8175-039A-4CB7-A4EB-6C4DB6B1D708} = {F8A74CD3-23F2-403E-87FC-03941C51CCEF}
		{4AD74803-2B55-4A77-8889-3D6DDD261863} = {F8A74CD3-23F2-403E-87FC-03941C51CCEF}
	EndGlobalSection
	GlobalSection(ExtensibilityGlobals) = postSolution
		SolutionGuid = {887390CB-FDF1-428E-AE41-312733485DE9}
	EndGlobalSection
EndGlobal
